
Microsoft Visual Studio Solution File, Format Version 12.00
# Visual Studio Version 16
VisualStudioVersion = 16.0.30406.217
MinimumVisualStudioVersion = 10.0.40219.1
Project("{9A19103F-16F7-4668-BE54-9A1E7A4F7556}") = "Menu", "Menu\Menu.csproj", "{EF9D2655-E184-4E70-B8F8-5F13CA2B1CBA}"
EndProject
Project("{FAE04EC0-301F-11D3-BF4B-00C04F79EFBC}") = "Menu.Tests", "Menu.Tests\Menu.Tests.csproj", "{E9D3C34F-568E-466D-9C7C-55D1D6D74F14}"
EndProject
Project("{FAE04EC0-301F-11D3-BF4B-00C04F79EFBC}") = "Auth", "Auth\Auth.csproj", "{68652494-3F59-4797-B0ED-BC382F45D14C}"
EndProject
Project("{FAE04EC0-301F-11D3-BF4B-00C04F79EFBC}") = "Common", "Common\Common.csproj", "{63072D9F-2C77-4CAE-A507-757375B153E3}"
EndProject
Global
	GlobalSection(SolutionConfigurationPlatforms) = preSolution
		Debug|Any CPU = Debug|Any CPU
		Release|Any CPU = Release|Any CPU
	EndGlobalSection
	GlobalSection(ProjectConfigurationPlatforms) = postSolution
		{EF9D2655-E184-4E70-B8F8-5F13CA2B1CBA}.Debug|Any CPU.ActiveCfg = Debug|Any CPU
		{EF9D2655-E184-4E70-B8F8-5F13CA2B1CBA}.Debug|Any CPU.Build.0 = Debug|Any CPU
		{EF9D2655-E184-4E70-B8F8-5F13CA2B1CBA}.Release|Any CPU.ActiveCfg = Release|Any CPU
		{EF9D2655-E184-4E70-B8F8-5F13CA2B1CBA}.Release|Any CPU.Build.0 = Release|Any CPU
		{E9D3C34F-568E-466D-9C7C-55D1D6D74F14}.Debug|Any CPU.ActiveCfg = Debug|Any CPU
		{E9D3C34F-568E-466D-9C7C-55D1D6D74F14}.Debug|Any CPU.Build.0 = Debug|Any CPU
		{E9D3C34F-568E-466D-9C7C-55D1D6D74F14}.Release|Any CPU.ActiveCfg = Release|Any CPU
		{E9D3C34F-568E-466D-9C7C-55D1D6D74F14}.Release|Any CPU.Build.0 = Release|Any CPU
		{68652494-3F59-4797-B0ED-BC382F45D14C}.Debug|Any CPU.ActiveCfg = Debug|Any CPU
		{68652494-3F59-4797-B0ED-BC382F45D14C}.Debug|Any CPU.Build.0 = Debug|Any CPU
		{68652494-3F59-4797-B0ED-BC382F45D14C}.Release|Any CPU.ActiveCfg = Release|Any CPU
		{68652494-3F59-4797-B0ED-BC382F45D14C}.Release|Any CPU.Build.0 = Release|Any CPU
		{63072D9F-2C77-4CAE-A507-757375B153E3}.Debug|Any CPU.ActiveCfg = Debug|Any CPU
		{63072D9F-2C77-4CAE-A507-757375B153E3}.Debug|Any CPU.Build.0 = Debug|Any CPU
		{63072D9F-2C77-4CAE-A507-757375B153E3}.Release|Any CPU.ActiveCfg = Release|Any CPU
		{63072D9F-2C77-4CAE-A507-757375B153E3}.Release|Any CPU.Build.0 = Release|Any CPU
	EndGlobalSection
	GlobalSection(SolutionProperties) = preSolution
		HideSolutionNode = FALSE
	EndGlobalSection
	GlobalSection(ExtensibilityGlobals) = postSolution
		SolutionGuid = {9E4869D0-AB6B-458D-AE8D-2DF122FC5521}
	EndGlobalSection
EndGlobal
