
Microsoft Visual Studio Solution File, Format Version 12.00
# Visual Studio Version 18
VisualStudioVersion = 18.3.11505.172 d18.3
MinimumVisualStudioVersion = 10.0.40219.1
Project("{9A19103F-16F7-4668-BE54-9A1E7A4F7556}") = "Menu.Host", "Menu\Menu\Menu.Host.csproj", "{EF9D2655-E184-4E70-B8F8-5F13CA2B1CBA}"
EndProject
Project("{9A19103F-16F7-4668-BE54-9A1E7A4F7556}") = "Menu.Tests", "Menu\Menu.Tests\Menu.Tests.csproj", "{E9D3C34F-568E-466D-9C7C-55D1D6D74F14}"
EndProject
Project("{9A19103F-16F7-4668-BE54-9A1E7A4F7556}") = "Auth", "Auth\Auth.csproj", "{68652494-3F59-4797-B0ED-BC382F45D14C}"
EndProject
Project("{9A19103F-16F7-4668-BE54-9A1E7A4F7556}") = "Common", "Common\Common.csproj", "{63072D9F-2C77-4CAE-A507-757375B153E3}"
EndProject
Project("{9A19103F-16F7-4668-BE54-9A1E7A4F7556}") = "DAL", "DAL\DAL.csproj", "{272A9E2B-E235-45FD-AB6B-7D7E26F27016}"
EndProject
Project("{9A19103F-16F7-4668-BE54-9A1E7A4F7556}") = "BO", "BO\BO.csproj", "{E6E30686-D20A-49D4-8BE8-68127E9F02AC}"
EndProject
Project("{9A19103F-16F7-4668-BE54-9A1E7A4F7556}") = "MenuApp", "MenuApp\MenuApp\MenuApp.csproj", "{25232E9A-4B77-41BB-A847-3543BE680FFE}"
EndProject
Project("{9A19103F-16F7-4668-BE54-9A1E7A4F7556}") = "BL", "BL\BL.csproj", "{C0457777-CCD7-4C52-994B-62D7E5CE6A33}"
EndProject
Project("{9A19103F-16F7-4668-BE54-9A1E7A4F7556}") = "WordsCardsApp", "WordsCardsApp\WordsCardsApp\WordsCardsApp.csproj", "{998CCDB3-97E5-4ECE-BD69-E23DCD025CF5}"
EndProject
Project("{9A19103F-16F7-4668-BE54-9A1E7A4F7556}") = "WEB.Common", "WEB.Common\WEB.Common.csproj", "{E9AA7DA6-9845-47C7-B975-8D86AB096553}"
EndProject
Project("{9A19103F-16F7-4668-BE54-9A1E7A4F7556}") = "TaskManagementApp", "TaskManagementApp\TaskManagementApp\TaskManagementApp.csproj", "{891D87AA-AAEE-42C3-AAE3-8F14ACFE6374}"
EndProject
Project("{9A19103F-16F7-4668-BE54-9A1E7A4F7556}") = "VaultApp", "VaultApp\VaultApp\VaultApp.csproj", "{5D352F56-7661-4FB4-BE2A-2A1560448C46}"
EndProject
Project("{2150E333-8FDC-42A3-9474-1A3956D46DE8}") = "TaskManagementApp", "TaskManagementApp", "{2CD8D0F2-FFC8-4228-8C78-7CC056EE6EDC}"
EndProject
Project("{2150E333-8FDC-42A3-9474-1A3956D46DE8}") = "PlaningPokerApp", "PlaningPokerApp", "{92A5ADB1-BEB6-413F-9FE0-55244236F218}"
EndProject
Project("{9A19103F-16F7-4668-BE54-9A1E7A4F7556}") = "PlanitPoker", "PlaningPokerApp\PlanitPoker\PlanitPoker.csproj", "{ACA8C501-5B28-4EF8-9A86-67E0203F5B3E}"
EndProject
Project("{2150E333-8FDC-42A3-9474-1A3956D46DE8}") = "WordsCardsApp", "WordsCardsApp", "{E0E55C04-A1DE-45B2-BFBD-AE3CD2BA029E}"
EndProject
Project("{2150E333-8FDC-42A3-9474-1A3956D46DE8}") = "MenuApp", "MenuApp", "{0ADAB537-6D63-4491-ACD8-A6553F91C612}"
EndProject
Project("{2150E333-8FDC-42A3-9474-1A3956D46DE8}") = "VaultApp", "VaultApp", "{9A1A6A25-631D-47D1-AFF0-59DC6C287C77}"
EndProject
Project("{FAE04EC0-301F-11D3-BF4B-00C04F79EFBC}") = "TaskManagementApp.Tests", "TaskManagementApp\TaskManagementApp.Tests\TaskManagementApp.Tests.csproj", "{90EC8903-C2BA-479C-9D0C-02852E4006C7}"
EndProject
Global
	GlobalSection(SolutionConfigurationPlatforms) = preSolution
		Debug|Any CPU = Debug|Any CPU
		Release|Any CPU = Release|Any CPU
	EndGlobalSection
	GlobalSection(ProjectConfigurationPlatforms) = postSolution
		{EF9D2655-E184-4E70-B8F8-5F13CA2B1CBA}.Debug|Any CPU.ActiveCfg = Debug|Any CPU
		{EF9D2655-E184-4E70-B8F8-5F13CA2B1CBA}.Debug|Any CPU.Build.0 = Debug|Any CPU
		{EF9D2655-E184-4E70-B8F8-5F13CA2B1CBA}.Release|Any CPU.ActiveCfg = Release|Any CPU
		{EF9D2655-E184-4E70-B8F8-5F13CA2B1CBA}.Release|Any CPU.Build.0 = Release|Any CPU
		{E9D3C34F-568E-466D-9C7C-55D1D6D74F14}.Debug|Any CPU.ActiveCfg = Debug|Any CPU
		{E9D3C34F-568E-466D-9C7C-55D1D6D74F14}.Debug|Any CPU.Build.0 = Debug|Any CPU
		{E9D3C34F-568E-466D-9C7C-55D1D6D74F14}.Release|Any CPU.ActiveCfg = Release|Any CPU
		{E9D3C34F-568E-466D-9C7C-55D1D6D74F14}.Release|Any CPU.Build.0 = Release|Any CPU
		{68652494-3F59-4797-B0ED-BC382F45D14C}.Debug|Any CPU.ActiveCfg = Debug|Any CPU
		{68652494-3F59-4797-B0ED-BC382F45D14C}.Debug|Any CPU.Build.0 = Debug|Any CPU
		{68652494-3F59-4797-B0ED-BC382F45D14C}.Release|Any CPU.ActiveCfg = Release|Any CPU
		{68652494-3F59-4797-B0ED-BC382F45D14C}.Release|Any CPU.Build.0 = Release|Any CPU
		{63072D9F-2C77-4CAE-A507-757375B153E3}.Debug|Any CPU.ActiveCfg = Debug|Any CPU
		{63072D9F-2C77-4CAE-A507-757375B153E3}.Debug|Any CPU.Build.0 = Debug|Any CPU
		{63072D9F-2C77-4CAE-A507-757375B153E3}.Release|Any CPU.ActiveCfg = Release|Any CPU
		{63072D9F-2C77-4CAE-A507-757375B153E3}.Release|Any CPU.Build.0 = Release|Any CPU
		{272A9E2B-E235-45FD-AB6B-7D7E26F27016}.Debug|Any CPU.ActiveCfg = Debug|Any CPU
		{272A9E2B-E235-45FD-AB6B-7D7E26F27016}.Debug|Any CPU.Build.0 = Debug|Any CPU
		{272A9E2B-E235-45FD-AB6B-7D7E26F27016}.Release|Any CPU.ActiveCfg = Release|Any CPU
		{272A9E2B-E235-45FD-AB6B-7D7E26F27016}.Release|Any CPU.Build.0 = Release|Any CPU
		{E6E30686-D20A-49D4-8BE8-68127E9F02AC}.Debug|Any CPU.ActiveCfg = Debug|Any CPU
		{E6E30686-D20A-49D4-8BE8-68127E9F02AC}.Debug|Any CPU.Build.0 = Debug|Any CPU
		{E6E30686-D20A-49D4-8BE8-68127E9F02AC}.Release|Any CPU.ActiveCfg = Release|Any CPU
		{E6E30686-D20A-49D4-8BE8-68127E9F02AC}.Release|Any CPU.Build.0 = Release|Any CPU
		{25232E9A-4B77-41BB-A847-3543BE680FFE}.Debug|Any CPU.ActiveCfg = Debug|Any CPU
		{25232E9A-4B77-41BB-A847-3543BE680FFE}.Debug|Any CPU.Build.0 = Debug|Any CPU
		{25232E9A-4B77-41BB-A847-3543BE680FFE}.Release|Any CPU.ActiveCfg = Release|Any CPU
		{25232E9A-4B77-41BB-A847-3543BE680FFE}.Release|Any CPU.Build.0 = Release|Any CPU
		{C0457777-CCD7-4C52-994B-62D7E5CE6A33}.Debug|Any CPU.ActiveCfg = Debug|Any CPU
		{C0457777-CCD7-4C52-994B-62D7E5CE6A33}.Debug|Any CPU.Build.0 = Debug|Any CPU
		{C0457777-CCD7-4C52-994B-62D7E5CE6A33}.Release|Any CPU.ActiveCfg = Release|Any CPU
		{C0457777-CCD7-4C52-994B-62D7E5CE6A33}.Release|Any CPU.Build.0 = Release|Any CPU
		{998CCDB3-97E5-4ECE-BD69-E23DCD025CF5}.Debug|Any CPU.ActiveCfg = Debug|Any CPU
		{998CCDB3-97E5-4ECE-BD69-E23DCD025CF5}.Debug|Any CPU.Build.0 = Debug|Any CPU
		{998CCDB3-97E5-4ECE-BD69-E23DCD025CF5}.Release|Any CPU.ActiveCfg = Release|Any CPU
		{998CCDB3-97E5-4ECE-BD69-E23DCD025CF5}.Release|Any CPU.Build.0 = Release|Any CPU
		{E9AA7DA6-9845-47C7-B975-8D86AB096553}.Debug|Any CPU.ActiveCfg = Debug|Any CPU
		{E9AA7DA6-9845-47C7-B975-8D86AB096553}.Debug|Any CPU.Build.0 = Debug|Any CPU
		{E9AA7DA6-9845-47C7-B975-8D86AB096553}.Release|Any CPU.ActiveCfg = Release|Any CPU
		{E9AA7DA6-9845-47C7-B975-8D86AB096553}.Release|Any CPU.Build.0 = Release|Any CPU
		{891D87AA-AAEE-42C3-AAE3-8F14ACFE6374}.Debug|Any CPU.ActiveCfg = Debug|Any CPU
		{891D87AA-AAEE-42C3-AAE3-8F14ACFE6374}.Debug|Any CPU.Build.0 = Debug|Any CPU
		{891D87AA-AAEE-42C3-AAE3-8F14ACFE6374}.Release|Any CPU.ActiveCfg = Release|Any CPU
		{891D87AA-AAEE-42C3-AAE3-8F14ACFE6374}.Release|Any CPU.Build.0 = Release|Any CPU
		{5D352F56-7661-4FB4-BE2A-2A1560448C46}.Debug|Any CPU.ActiveCfg = Debug|Any CPU
		{5D352F56-7661-4FB4-BE2A-2A1560448C46}.Debug|Any CPU.Build.0 = Debug|Any CPU
		{5D352F56-7661-4FB4-BE2A-2A1560448C46}.Release|Any CPU.ActiveCfg = Release|Any CPU
		{5D352F56-7661-4FB4-BE2A-2A1560448C46}.Release|Any CPU.Build.0 = Release|Any CPU
		{ACA8C501-5B28-4EF8-9A86-67E0203F5B3E}.Debug|Any CPU.ActiveCfg = Debug|Any CPU
		{ACA8C501-5B28-4EF8-9A86-67E0203F5B3E}.Debug|Any CPU.Build.0 = Debug|Any CPU
		{ACA8C501-5B28-4EF8-9A86-67E0203F5B3E}.Release|Any CPU.ActiveCfg = Release|Any CPU
		{ACA8C501-5B28-4EF8-9A86-67E0203F5B3E}.Release|Any CPU.Build.0 = Release|Any CPU
		{90EC8903-C2BA-479C-9D0C-02852E4006C7}.Debug|Any CPU.ActiveCfg = Debug|Any CPU
		{90EC8903-C2BA-479C-9D0C-02852E4006C7}.Debug|Any CPU.Build.0 = Debug|Any CPU
		{90EC8903-C2BA-479C-9D0C-02852E4006C7}.Release|Any CPU.ActiveCfg = Release|Any CPU
		{90EC8903-C2BA-479C-9D0C-02852E4006C7}.Release|Any CPU.Build.0 = Release|Any CPU
	EndGlobalSection
	GlobalSection(SolutionProperties) = preSolution
		HideSolutionNode = FALSE
	EndGlobalSection
	GlobalSection(NestedProjects) = preSolution
		{25232E9A-4B77-41BB-A847-3543BE680FFE} = {0ADAB537-6D63-4491-ACD8-A6553F91C612}
		{998CCDB3-97E5-4ECE-BD69-E23DCD025CF5} = {E0E55C04-A1DE-45B2-BFBD-AE3CD2BA029E}
		{891D87AA-AAEE-42C3-AAE3-8F14ACFE6374} = {2CD8D0F2-FFC8-4228-8C78-7CC056EE6EDC}
		{5D352F56-7661-4FB4-BE2A-2A1560448C46} = {9A1A6A25-631D-47D1-AFF0-59DC6C287C77}
		{ACA8C501-5B28-4EF8-9A86-67E0203F5B3E} = {92A5ADB1-BEB6-413F-9FE0-55244236F218}
		{90EC8903-C2BA-479C-9D0C-02852E4006C7} = {2CD8D0F2-FFC8-4228-8C78-7CC056EE6EDC}
	EndGlobalSection
	GlobalSection(ExtensibilityGlobals) = postSolution
		SolutionGuid = {9E4869D0-AB6B-458D-AE8D-2DF122FC5521}
	EndGlobalSection
EndGlobal
